<?xml version="1.0" encoding="utf-8"?>
<Project ToolsVersion="4.0" xmlns="http://schemas.microsoft.com/developer/msbuild/2003">
  <ItemGroup>
    <Filter Include="源文件">
      <UniqueIdentifier>{4FC737F1-C7A5-4376-A066-2A32D752A2FF}</UniqueIdentifier>
      <Extensions>cpp;c;cc;cxx;def;odl;idl;hpj;bat;asm;asmx</Extensions>
    </Filter>
    <Filter Include="头文件">
      <UniqueIdentifier>{93995380-89BD-4b04-88EB-625FBE52EBFB}</UniqueIdentifier>
      <Extensions>h;hh;hpp;hxx;hm;inl;inc;xsd</Extensions>
    </Filter>
    <Filter Include="资源文件">
      <UniqueIdentifier>{67DA6AB6-F800-4c08-8B7A-83BB121AAD01}</UniqueIdentifier>
      <Extensions>rc;ico;cur;bmp;dlg;rc2;rct;bin;rgs;gif;jpg;jpeg;jpe;resx;tiff;tif;png;wav;mfcribbon-ms</Extensions>
    </Filter>
    <Filter Include="头文件\Business">
      <UniqueIdentifier>{5aad5cd8-7ac1-48d9-9eea-0b667149dae4}</UniqueIdentifier>
    </Filter>
    <Filter Include="源文件\Business">
      <UniqueIdentifier>{5804bcee-ec2f-4014-adfb-6748faff4edd}</UniqueIdentifier>
    </Filter>
    <Filter Include="头文件\Database">
      <UniqueIdentifier>{61350019-12ac-4d8f-9d5f-bf5677693151}</UniqueIdentifier>
    </Filter>
    <Filter Include="源文件\Database">
      <UniqueIdentifier>{aa7c9d28-53cc-491a-bfe9-68c812619316}</UniqueIdentifier>
    </Filter>
    <Filter Include="头文件\Exceptioin">
      <UniqueIdentifier>{fc9c521f-b226-4539-9819-0605e171e68e}</UniqueIdentifier>
    </Filter>
    <Filter Include="头文件\Tools">
      <UniqueIdentifier>{43447437-b192-4bb3-a224-41739db80ffa}</UniqueIdentifier>
    </Filter>
    <Filter Include="源文件\Exception">
      <UniqueIdentifier>{0b1599e1-4a06-45ae-b319-1d0286758846}</UniqueIdentifier>
    </Filter>
    <Filter Include="源文件\Tools">
      <UniqueIdentifier>{667f7118-89c8-44b3-86bd-50214ba5dde7}</UniqueIdentifier>
    </Filter>
  </ItemGroup>
  <ItemGroup>
    <Text Include="ReadMe.txt" />
  </ItemGroup>
  <ItemGroup>
    <ClInclude Include="targetver.h">
      <Filter>头文件</Filter>
    </ClInclude>
    <ClInclude Include="Business\SourceCodeBuild.h">
      <Filter>头文件\Business</Filter>
    </ClInclude>
    <ClInclude Include="Business\SourceCodeCreate.h">
      <Filter>头文件\Business</Filter>
    </ClInclude>
    <ClInclude Include="Business\SourceCodeDelete.h">
      <Filter>头文件\Business</Filter>
    </ClInclude>
    <ClInclude Include="Business\SourceCodeDeploy.h">
      <Filter>头文件\Business</Filter>
    </ClInclude>
    <ClInclude Include="Business\SourceCodeModify.h">
      <Filter>头文件\Business</Filter>
    </ClInclude>
    <ClInclude Include="Business\SourceCodeQuery.h">
      <Filter>头文件\Business</Filter>
    </ClInclude>
    <ClInclude Include="Database\BuildResult.h">
      <Filter>头文件\Database</Filter>
    </ClInclude>
    <ClInclude Include="Database\BuildRule.h">
      <Filter>头文件\Database</Filter>
    </ClInclude>
    <ClInclude Include="Database\BuildRule_Depend.h">
      <Filter>头文件\Database</Filter>
    </ClInclude>
    <ClInclude Include="Database\BuildRule_Deploy.h">
      <Filter>头文件\Database</Filter>
    </ClInclude>
    <ClInclude Include="Database\Database.h">
      <Filter>头文件\Database</Filter>
    </ClInclude>
    <ClInclude Include="Database\Resource.h">
      <Filter>头文件\Database</Filter>
    </ClInclude>
    <ClInclude Include="Database\Resource_CompressionPackage.h">
      <Filter>头文件\Database</Filter>
    </ClInclude>
    <ClInclude Include="Database\Resource_Document.h">
      <Filter>头文件\Database</Filter>
    </ClInclude>
    <ClInclude Include="Database\Resource_Host.h">
      <Filter>头文件\Database</Filter>
    </ClInclude>
    <ClInclude Include="Database\Resource_SourceCode.h">
      <Filter>头文件\Database</Filter>
    </ClInclude>
    <ClInclude Include="Database\SourceCode_Deploy.h">
      <Filter>头文件\Database</Filter>
    </ClInclude>
    <ClInclude Include="Database\Storage.h">
      <Filter>头文件\Database</Filter>
    </ClInclude>
    <ClInclude Include="Exception\HttpRequestException.h">
      <Filter>头文件\Exceptioin</Filter>
    </ClInclude>
    <ClInclude Include="Tools\HttpClient.h">
      <Filter>头文件\Tools</Filter>
    </ClInclude>
    <ClInclude Include="Common.h">
      <Filter>头文件</Filter>
    </ClInclude>
    <ClInclude Include="SystemConfig.h">
      <Filter>头文件</Filter>
    </ClInclude>
  </ItemGroup>
  <ItemGroup>
    <ClCompile Include="SourceCodeService.cpp">
      <Filter>源文件</Filter>
    </ClCompile>
    <ClCompile Include="dllmain.cpp">
      <Filter>源文件</Filter>
    </ClCompile>
    <ClCompile Include="Business\SourceCodeBuild.cpp">
      <Filter>源文件\Business</Filter>
    </ClCompile>
    <ClCompile Include="Business\SourceCodeCreate.cpp">
      <Filter>源文件\Business</Filter>
    </ClCompile>
    <ClCompile Include="Business\SourceCodeDelete.cpp">
      <Filter>源文件\Business</Filter>
    </ClCompile>
    <ClCompile Include="Business\SourceCodeDeploy.cpp">
      <Filter>源文件\Business</Filter>
    </ClCompile>
    <ClCompile Include="Business\SourceCodeModify.cpp">
      <Filter>源文件\Business</Filter>
    </ClCompile>
    <ClCompile Include="Business\SourceCodeQuery.cpp">
      <Filter>源文件\Business</Filter>
    </ClCompile>
    <ClCompile Include="Database\BuildResult.cpp">
      <Filter>源文件\Database</Filter>
    </ClCompile>
    <ClCompile Include="Database\BuildRule.cpp">
      <Filter>源文件\Database</Filter>
    </ClCompile>
    <ClCompile Include="Database\BuildRule_Depend.cpp">
      <Filter>源文件\Database</Filter>
    </ClCompile>
    <ClCompile Include="Database\BuildRule_Deploy.cpp">
      <Filter>源文件\Database</Filter>
    </ClCompile>
    <ClCompile Include="Database\Database.cpp">
      <Filter>源文件\Database</Filter>
    </ClCompile>
    <ClCompile Include="Database\Resource.cpp">
      <Filter>源文件\Database</Filter>
    </ClCompile>
    <ClCompile Include="Database\Resource_CompressionPackage.cpp">
      <Filter>源文件\Database</Filter>
    </ClCompile>
    <ClCompile Include="Database\Resource_Document.cpp">
      <Filter>源文件\Database</Filter>
    </ClCompile>
    <ClCompile Include="Database\Resource_Host.cpp">
      <Filter>源文件\Database</Filter>
    </ClCompile>
    <ClCompile Include="Database\Resource_SourceCode.cpp">
      <Filter>源文件\Database</Filter>
    </ClCompile>
    <ClCompile Include="Database\SourceCode_Deploy.cpp">
      <Filter>源文件\Database</Filter>
    </ClCompile>
    <ClCompile Include="Database\Storage.cpp">
      <Filter>源文件\Database</Filter>
    </ClCompile>
    <ClCompile Include="Exception\HttpRequestException.cpp">
      <Filter>源文件\Exception</Filter>
    </ClCompile>
    <ClCompile Include="Tools\HttpClient.cpp">
      <Filter>源文件\Tools</Filter>
    </ClCompile>
    <ClCompile Include="Common.cpp">
      <Filter>源文件</Filter>
    </ClCompile>
    <ClCompile Include="SystemConfig.cpp">
      <Filter>源文件</Filter>
    </ClCompile>
  </ItemGroup>
  <ItemGroup>
    <None Include="SourceCodeService.def">
      <Filter>源文件</Filter>
    </None>
  </ItemGroup>
</Project>