<?xml version="1.0" encoding="utf-8"?>
<Project ToolsVersion="4.0" xmlns="http://schemas.microsoft.com/developer/msbuild/2003">
  <ItemGroup>
    <Filter Include="源文件">
      <UniqueIdentifier>{4FC737F1-C7A5-4376-A066-2A32D752A2FF}</UniqueIdentifier>
      <Extensions>cpp;c;cc;cxx;def;odl;idl;hpj;bat;asm;asmx</Extensions>
    </Filter>
    <Filter Include="头文件">
      <UniqueIdentifier>{93995380-89BD-4b04-88EB-625FBE52EBFB}</UniqueIdentifier>
      <Extensions>h;hh;hpp;hxx;hm;inl;inc;xsd</Extensions>
    </Filter>
    <Filter Include="资源文件">
      <UniqueIdentifier>{67DA6AB6-F800-4c08-8B7A-83BB121AAD01}</UniqueIdentifier>
      <Extensions>rc;ico;cur;bmp;dlg;rc2;rct;bin;rgs;gif;jpg;jpeg;jpe;resx;tiff;tif;png;wav;mfcribbon-ms</Extensions>
    </Filter>
    <Filter Include="头文件\Business">
      <UniqueIdentifier>{1c4ed341-6aa2-4d5e-a8cb-82d237d21db0}</UniqueIdentifier>
    </Filter>
    <Filter Include="头文件\Database">
      <UniqueIdentifier>{4ed1a137-fb1f-46b6-9dcb-b29f8e11866e}</UniqueIdentifier>
    </Filter>
    <Filter Include="头文件\Exception">
      <UniqueIdentifier>{8744e855-16c5-47e1-a537-66f5b67b4584}</UniqueIdentifier>
    </Filter>
    <Filter Include="头文件\Tools">
      <UniqueIdentifier>{11486833-5035-4346-8ba3-54852ef95af1}</UniqueIdentifier>
    </Filter>
    <Filter Include="源文件\Business">
      <UniqueIdentifier>{7e4cb05e-4b25-4601-b36f-2350de8ba893}</UniqueIdentifier>
    </Filter>
    <Filter Include="源文件\Database">
      <UniqueIdentifier>{21b9f98b-bb77-411c-925e-0b97a70df270}</UniqueIdentifier>
    </Filter>
    <Filter Include="源文件\Exception">
      <UniqueIdentifier>{2cca70a3-cfbd-43c9-9240-d7629c2e88a9}</UniqueIdentifier>
    </Filter>
    <Filter Include="源文件\Tools">
      <UniqueIdentifier>{e5875821-9ef9-40e5-9f63-6f37c8094cca}</UniqueIdentifier>
    </Filter>
  </ItemGroup>
  <ItemGroup>
    <Text Include="ReadMe.txt" />
  </ItemGroup>
  <ItemGroup>
    <ClInclude Include="stdafx.h">
      <Filter>头文件</Filter>
    </ClInclude>
    <ClInclude Include="targetver.h">
      <Filter>头文件</Filter>
    </ClInclude>
    <ClInclude Include="Common.h">
      <Filter>头文件</Filter>
    </ClInclude>
    <ClInclude Include="RouteCallBackSet.h">
      <Filter>头文件</Filter>
    </ClInclude>
    <ClInclude Include="SystemConfig.h">
      <Filter>头文件</Filter>
    </ClInclude>
    <ClInclude Include="Business\SourceCodeBuild.h">
      <Filter>头文件\Business</Filter>
    </ClInclude>
    <ClInclude Include="Business\SourceCodeCreate.h">
      <Filter>头文件\Business</Filter>
    </ClInclude>
    <ClInclude Include="Business\SourceCodeDelete.h">
      <Filter>头文件\Business</Filter>
    </ClInclude>
    <ClInclude Include="Business\SourceCodeDeploy.h">
      <Filter>头文件\Business</Filter>
    </ClInclude>
    <ClInclude Include="Business\SourceCodeModify.h">
      <Filter>头文件\Business</Filter>
    </ClInclude>
    <ClInclude Include="Business\SourceCodeQuery.h">
      <Filter>头文件\Business</Filter>
    </ClInclude>
    <ClInclude Include="Database\BuildResult.h">
      <Filter>头文件\Database</Filter>
    </ClInclude>
    <ClInclude Include="Database\BuildRule.h">
      <Filter>头文件\Database</Filter>
    </ClInclude>
    <ClInclude Include="Database\BuildRule_Depend.h">
      <Filter>头文件\Database</Filter>
    </ClInclude>
    <ClInclude Include="Database\BuildRule_Deploy.h">
      <Filter>头文件\Database</Filter>
    </ClInclude>
    <ClInclude Include="Database\Database.h">
      <Filter>头文件\Database</Filter>
    </ClInclude>
    <ClInclude Include="Database\Resource.h">
      <Filter>头文件\Database</Filter>
    </ClInclude>
    <ClInclude Include="Database\Resource_CompressionPackage.h">
      <Filter>头文件\Database</Filter>
    </ClInclude>
    <ClInclude Include="Database\Resource_Document.h">
      <Filter>头文件\Database</Filter>
    </ClInclude>
    <ClInclude Include="Database\Resource_Host.h">
      <Filter>头文件\Database</Filter>
    </ClInclude>
    <ClInclude Include="Database\Resource_SourceCode.h">
      <Filter>头文件\Database</Filter>
    </ClInclude>
    <ClInclude Include="Database\SourceCode_Deploy.h">
      <Filter>头文件\Database</Filter>
    </ClInclude>
    <ClInclude Include="Database\Storage.h">
      <Filter>头文件\Database</Filter>
    </ClInclude>
    <ClInclude Include="Exception\HttpRequestException.h">
      <Filter>头文件\Exception</Filter>
    </ClInclude>
    <ClInclude Include="Tools\HttpClient.h">
      <Filter>头文件\Tools</Filter>
    </ClInclude>
  </ItemGroup>
  <ItemGroup>
    <ClCompile Include="stdafx.cpp">
      <Filter>源文件</Filter>
    </ClCompile>
    <ClCompile Include="ServiceSourceCode.cpp">
      <Filter>源文件</Filter>
    </ClCompile>
    <ClCompile Include="dllmain.cpp">
      <Filter>源文件</Filter>
    </ClCompile>
    <ClCompile Include="Common.cpp">
      <Filter>源文件</Filter>
    </ClCompile>
    <ClCompile Include="RouteCallBackSet.cpp">
      <Filter>源文件</Filter>
    </ClCompile>
    <ClCompile Include="SystemConfig.cpp">
      <Filter>源文件</Filter>
    </ClCompile>
    <ClCompile Include="Business\SourceCodeBuild.cpp">
      <Filter>源文件\Business</Filter>
    </ClCompile>
    <ClCompile Include="Business\SourceCodeCreate.cpp">
      <Filter>源文件\Business</Filter>
    </ClCompile>
    <ClCompile Include="Business\SourceCodeDelete.cpp">
      <Filter>源文件\Business</Filter>
    </ClCompile>
    <ClCompile Include="Business\SourceCodeDeploy.cpp">
      <Filter>源文件\Business</Filter>
    </ClCompile>
    <ClCompile Include="Business\SourceCodeModify.cpp">
      <Filter>源文件\Business</Filter>
    </ClCompile>
    <ClCompile Include="Business\SourceCodeQuery.cpp">
      <Filter>源文件\Business</Filter>
    </ClCompile>
    <ClCompile Include="Database\BuildResult.cpp">
      <Filter>源文件\Database</Filter>
    </ClCompile>
    <ClCompile Include="Database\BuildRule.cpp">
      <Filter>源文件\Database</Filter>
    </ClCompile>
    <ClCompile Include="Database\BuildRule_Depend.cpp">
      <Filter>源文件\Database</Filter>
    </ClCompile>
    <ClCompile Include="Database\BuildRule_Deploy.cpp">
      <Filter>源文件\Database</Filter>
    </ClCompile>
    <ClCompile Include="Database\Database.cpp">
      <Filter>源文件\Database</Filter>
    </ClCompile>
    <ClCompile Include="Database\Resource.cpp">
      <Filter>源文件\Database</Filter>
    </ClCompile>
    <ClCompile Include="Database\Resource_CompressionPackage.cpp">
      <Filter>源文件\Database</Filter>
    </ClCompile>
    <ClCompile Include="Database\Resource_Document.cpp">
      <Filter>源文件\Database</Filter>
    </ClCompile>
    <ClCompile Include="Database\Resource_Host.cpp">
      <Filter>源文件\Database</Filter>
    </ClCompile>
    <ClCompile Include="Database\Resource_SourceCode.cpp">
      <Filter>源文件\Database</Filter>
    </ClCompile>
    <ClCompile Include="Database\SourceCode_Deploy.cpp">
      <Filter>源文件\Database</Filter>
    </ClCompile>
    <ClCompile Include="Database\Storage.cpp">
      <Filter>源文件\Database</Filter>
    </ClCompile>
    <ClCompile Include="Exception\HttpRequestException.cpp">
      <Filter>源文件\Exception</Filter>
    </ClCompile>
    <ClCompile Include="Tools\HttpClient.cpp">
      <Filter>源文件\Tools</Filter>
    </ClCompile>
  </ItemGroup>
  <ItemGroup>
    <None Include="ServiceSourceCode.def">
      <Filter>源文件</Filter>
    </None>
  </ItemGroup>
</Project>