
Microsoft Visual Studio Solution File, Format Version 12.00
# Visual Studio 2013
VisualStudioVersion = 12.0.40629.0
MinimumVisualStudioVersion = 10.0.40219.1
Project("{8BC9CEB8-8B4A-11D0-8D11-00A0C91BC942}") = "VersionBuildServer", "VersionBuildServer\VersionBuildServer.vcxproj", "{0673EBC5-216A-4FAA-81EB-5AA8DEFABD79}"
EndProject
Project("{8BC9CEB8-8B4A-11D0-8D11-00A0C91BC942}") = "VersionBuild", "VersionBuild\VersionBuild.vcxproj", "{B12702AD-ABFB-343A-A199-8E24837244A3}"
EndProject
Project("{8BC9CEB8-8B4A-11D0-8D11-00A0C91BC942}") = "Version2", "Version2\Version2.vcxproj", "{8ABEB3FB-CD8D-4F4A-9CDF-766BB61A00DF}"
EndProject
Project("{8BC9CEB8-8B4A-11D0-8D11-00A0C91BC942}") = "MicroServicePlugin", "MicroServicePlugin\MicroServicePlugin.vcxproj", "{9F94BDAE-B728-469C-9B44-A17A3F4FACBD}"
EndProject
Project("{8BC9CEB8-8B4A-11D0-8D11-00A0C91BC942}") = "MicroTaskPlugin", "MicroTaskPlugin\MicroTaskPlugin.vcxproj", "{F85894EB-9412-4BBD-AF31-CA4CC77B743F}"
EndProject
Project("{8BC9CEB8-8B4A-11D0-8D11-00A0C91BC942}") = "ServiceSourceCode", "ServiceSourceCode\ServiceSourceCode.vcxproj", "{A962E59B-E7BE-43B3-B271-622BA9A814AD}"
EndProject
Project("{8BC9CEB8-8B4A-11D0-8D11-00A0C91BC942}") = "ServiceMasterTask", "ServiceMasterTask\ServiceMasterTask.vcxproj", "{C5E4FEC4-7281-45A6-9B67-7C48816A62A0}"
EndProject
Project("{8BC9CEB8-8B4A-11D0-8D11-00A0C91BC942}") = "ServiceSlaveTask", "ServiceSlaveTask\ServiceSlaveTask.vcxproj", "{73A09D1E-B60E-4B72-A6A9-23784262357F}"
EndProject
Project("{8BC9CEB8-8B4A-11D0-8D11-00A0C91BC942}") = "TaskBuild", "TaskBuild\TaskBuild.vcxproj", "{34D06064-FFDF-4249-A2CE-553177FE703B}"
EndProject
Project("{8BC9CEB8-8B4A-11D0-8D11-00A0C91BC942}") = "PluginServer", "PluginServer\PluginServer.vcxproj", "{2532BECB-F97B-4207-9A07-03A1BE54F7AB}"
EndProject
Project("{8BC9CEB8-8B4A-11D0-8D11-00A0C91BC942}") = "Helper", "Helper\Helper.vcxproj", "{FB610BB2-3EAA-49DA-898C-13E52401421C}"
EndProject
Project("{8BC9CEB8-8B4A-11D0-8D11-00A0C91BC942}") = "ServiceHost", "ServiceHost\ServiceHost.vcxproj", "{EF26ACBA-2A2F-413E-A716-AE037972B401}"
EndProject
Project("{8BC9CEB8-8B4A-11D0-8D11-00A0C91BC942}") = "ServiceMasterStorage", "ServiceMasterStorage\ServiceMasterStorage.vcxproj", "{171A0AC5-A131-40B9-AD8A-0CDEC474ECB6}"
EndProject
Project("{8BC9CEB8-8B4A-11D0-8D11-00A0C91BC942}") = "ServiceSlaveStorage", "ServiceSlaveStorage\ServiceSlaveStorage.vcxproj", "{230812CD-22D0-4354-9D22-628A935DD021}"
EndProject
Project("{8BC9CEB8-8B4A-11D0-8D11-00A0C91BC942}") = "ServiceVersionControll", "ServiceVersionControll\ServiceVersionControll.vcxproj", "{0F6D9550-E439-4039-9A5F-8529269284DF}"
EndProject
Project("{8BC9CEB8-8B4A-11D0-8D11-00A0C91BC942}") = "ServiceCompilingTools", "ServiceCompilingTools\ServiceCompilingTools.vcxproj", "{40011886-7FEE-43FD-B0FE-3AE6D954D943}"
EndProject
Global
	GlobalSection(SolutionConfigurationPlatforms) = preSolution
		Debug|Mixed Platforms = Debug|Mixed Platforms
		Debug|Win32 = Debug|Win32
		Debug|x64 = Debug|x64
		Release|Mixed Platforms = Release|Mixed Platforms
		Release|Win32 = Release|Win32
		Release|x64 = Release|x64
	EndGlobalSection
	GlobalSection(ProjectConfigurationPlatforms) = postSolution
		{0673EBC5-216A-4FAA-81EB-5AA8DEFABD79}.Debug|Mixed Platforms.ActiveCfg = Debug|Win32
		{0673EBC5-216A-4FAA-81EB-5AA8DEFABD79}.Debug|Mixed Platforms.Build.0 = Debug|Win32
		{0673EBC5-216A-4FAA-81EB-5AA8DEFABD79}.Debug|Win32.ActiveCfg = Debug|Win32
		{0673EBC5-216A-4FAA-81EB-5AA8DEFABD79}.Debug|Win32.Build.0 = Debug|Win32
		{0673EBC5-216A-4FAA-81EB-5AA8DEFABD79}.Debug|x64.ActiveCfg = Debug|x64
		{0673EBC5-216A-4FAA-81EB-5AA8DEFABD79}.Debug|x64.Build.0 = Debug|x64
		{0673EBC5-216A-4FAA-81EB-5AA8DEFABD79}.Release|Mixed Platforms.ActiveCfg = Release|Win32
		{0673EBC5-216A-4FAA-81EB-5AA8DEFABD79}.Release|Mixed Platforms.Build.0 = Release|Win32
		{0673EBC5-216A-4FAA-81EB-5AA8DEFABD79}.Release|Win32.ActiveCfg = Release|Win32
		{0673EBC5-216A-4FAA-81EB-5AA8DEFABD79}.Release|Win32.Build.0 = Release|Win32
		{0673EBC5-216A-4FAA-81EB-5AA8DEFABD79}.Release|x64.ActiveCfg = Release|x64
		{0673EBC5-216A-4FAA-81EB-5AA8DEFABD79}.Release|x64.Build.0 = Release|x64
		{B12702AD-ABFB-343A-A199-8E24837244A3}.Debug|Mixed Platforms.ActiveCfg = Debug|Win32
		{B12702AD-ABFB-343A-A199-8E24837244A3}.Debug|Mixed Platforms.Build.0 = Debug|Win32
		{B12702AD-ABFB-343A-A199-8E24837244A3}.Debug|Win32.ActiveCfg = Debug|Win32
		{B12702AD-ABFB-343A-A199-8E24837244A3}.Debug|Win32.Build.0 = Debug|Win32
		{B12702AD-ABFB-343A-A199-8E24837244A3}.Debug|x64.ActiveCfg = Debug|x64
		{B12702AD-ABFB-343A-A199-8E24837244A3}.Debug|x64.Build.0 = Debug|x64
		{B12702AD-ABFB-343A-A199-8E24837244A3}.Release|Mixed Platforms.ActiveCfg = Release|Win32
		{B12702AD-ABFB-343A-A199-8E24837244A3}.Release|Mixed Platforms.Build.0 = Release|Win32
		{B12702AD-ABFB-343A-A199-8E24837244A3}.Release|Win32.ActiveCfg = Release|Win32
		{B12702AD-ABFB-343A-A199-8E24837244A3}.Release|Win32.Build.0 = Release|Win32
		{B12702AD-ABFB-343A-A199-8E24837244A3}.Release|x64.ActiveCfg = Release|x64
		{B12702AD-ABFB-343A-A199-8E24837244A3}.Release|x64.Build.0 = Release|x64
		{8ABEB3FB-CD8D-4F4A-9CDF-766BB61A00DF}.Debug|Mixed Platforms.ActiveCfg = Debug|Win32
		{8ABEB3FB-CD8D-4F4A-9CDF-766BB61A00DF}.Debug|Mixed Platforms.Build.0 = Debug|Win32
		{8ABEB3FB-CD8D-4F4A-9CDF-766BB61A00DF}.Debug|Win32.ActiveCfg = Debug|Win32
		{8ABEB3FB-CD8D-4F4A-9CDF-766BB61A00DF}.Debug|Win32.Build.0 = Debug|Win32
		{8ABEB3FB-CD8D-4F4A-9CDF-766BB61A00DF}.Debug|x64.ActiveCfg = Debug|x64
		{8ABEB3FB-CD8D-4F4A-9CDF-766BB61A00DF}.Debug|x64.Build.0 = Debug|x64
		{8ABEB3FB-CD8D-4F4A-9CDF-766BB61A00DF}.Release|Mixed Platforms.ActiveCfg = Release|Win32
		{8ABEB3FB-CD8D-4F4A-9CDF-766BB61A00DF}.Release|Mixed Platforms.Build.0 = Release|Win32
		{8ABEB3FB-CD8D-4F4A-9CDF-766BB61A00DF}.Release|Win32.ActiveCfg = Release|Win32
		{8ABEB3FB-CD8D-4F4A-9CDF-766BB61A00DF}.Release|Win32.Build.0 = Release|Win32
		{8ABEB3FB-CD8D-4F4A-9CDF-766BB61A00DF}.Release|x64.ActiveCfg = Release|x64
		{8ABEB3FB-CD8D-4F4A-9CDF-766BB61A00DF}.Release|x64.Build.0 = Release|x64
		{9F94BDAE-B728-469C-9B44-A17A3F4FACBD}.Debug|Mixed Platforms.ActiveCfg = Debug|Win32
		{9F94BDAE-B728-469C-9B44-A17A3F4FACBD}.Debug|Mixed Platforms.Build.0 = Debug|Win32
		{9F94BDAE-B728-469C-9B44-A17A3F4FACBD}.Debug|Win32.ActiveCfg = Debug|Win32
		{9F94BDAE-B728-469C-9B44-A17A3F4FACBD}.Debug|Win32.Build.0 = Debug|Win32
		{9F94BDAE-B728-469C-9B44-A17A3F4FACBD}.Debug|x64.ActiveCfg = Debug|x64
		{9F94BDAE-B728-469C-9B44-A17A3F4FACBD}.Release|Mixed Platforms.ActiveCfg = Release|Win32
		{9F94BDAE-B728-469C-9B44-A17A3F4FACBD}.Release|Mixed Platforms.Build.0 = Release|Win32
		{9F94BDAE-B728-469C-9B44-A17A3F4FACBD}.Release|Win32.ActiveCfg = Release|Win32
		{9F94BDAE-B728-469C-9B44-A17A3F4FACBD}.Release|Win32.Build.0 = Release|Win32
		{9F94BDAE-B728-469C-9B44-A17A3F4FACBD}.Release|x64.ActiveCfg = Release|x64
		{F85894EB-9412-4BBD-AF31-CA4CC77B743F}.Debug|Mixed Platforms.ActiveCfg = Debug|Win32
		{F85894EB-9412-4BBD-AF31-CA4CC77B743F}.Debug|Mixed Platforms.Build.0 = Debug|Win32
		{F85894EB-9412-4BBD-AF31-CA4CC77B743F}.Debug|Win32.ActiveCfg = Debug|Win32
		{F85894EB-9412-4BBD-AF31-CA4CC77B743F}.Debug|Win32.Build.0 = Debug|Win32
		{F85894EB-9412-4BBD-AF31-CA4CC77B743F}.Debug|x64.ActiveCfg = Debug|x64
		{F85894EB-9412-4BBD-AF31-CA4CC77B743F}.Release|Mixed Platforms.ActiveCfg = Release|Win32
		{F85894EB-9412-4BBD-AF31-CA4CC77B743F}.Release|Mixed Platforms.Build.0 = Release|Win32
		{F85894EB-9412-4BBD-AF31-CA4CC77B743F}.Release|Win32.ActiveCfg = Release|Win32
		{F85894EB-9412-4BBD-AF31-CA4CC77B743F}.Release|Win32.Build.0 = Release|Win32
		{F85894EB-9412-4BBD-AF31-CA4CC77B743F}.Release|x64.ActiveCfg = Release|Win32
		{A962E59B-E7BE-43B3-B271-622BA9A814AD}.Debug|Mixed Platforms.ActiveCfg = Debug|Win32
		{A962E59B-E7BE-43B3-B271-622BA9A814AD}.Debug|Mixed Platforms.Build.0 = Debug|Win32
		{A962E59B-E7BE-43B3-B271-622BA9A814AD}.Debug|Win32.ActiveCfg = Debug|Win32
		{A962E59B-E7BE-43B3-B271-622BA9A814AD}.Debug|Win32.Build.0 = Debug|Win32
		{A962E59B-E7BE-43B3-B271-622BA9A814AD}.Debug|x64.ActiveCfg = Debug|x64
		{A962E59B-E7BE-43B3-B271-622BA9A814AD}.Debug|x64.Build.0 = Debug|x64
		{A962E59B-E7BE-43B3-B271-622BA9A814AD}.Release|Mixed Platforms.ActiveCfg = Release|Win32
		{A962E59B-E7BE-43B3-B271-622BA9A814AD}.Release|Mixed Platforms.Build.0 = Release|Win32
		{A962E59B-E7BE-43B3-B271-622BA9A814AD}.Release|Win32.ActiveCfg = Release|Win32
		{A962E59B-E7BE-43B3-B271-622BA9A814AD}.Release|Win32.Build.0 = Release|Win32
		{A962E59B-E7BE-43B3-B271-622BA9A814AD}.Release|x64.ActiveCfg = Release|x64
		{A962E59B-E7BE-43B3-B271-622BA9A814AD}.Release|x64.Build.0 = Release|x64
		{C5E4FEC4-7281-45A6-9B67-7C48816A62A0}.Debug|Mixed Platforms.ActiveCfg = Debug|Win32
		{C5E4FEC4-7281-45A6-9B67-7C48816A62A0}.Debug|Mixed Platforms.Build.0 = Debug|Win32
		{C5E4FEC4-7281-45A6-9B67-7C48816A62A0}.Debug|Win32.ActiveCfg = Debug|Win32
		{C5E4FEC4-7281-45A6-9B67-7C48816A62A0}.Debug|Win32.Build.0 = Debug|Win32
		{C5E4FEC4-7281-45A6-9B67-7C48816A62A0}.Debug|x64.ActiveCfg = Debug|x64
		{C5E4FEC4-7281-45A6-9B67-7C48816A62A0}.Debug|x64.Build.0 = Debug|x64
		{C5E4FEC4-7281-45A6-9B67-7C48816A62A0}.Release|Mixed Platforms.ActiveCfg = Release|Win32
		{C5E4FEC4-7281-45A6-9B67-7C48816A62A0}.Release|Mixed Platforms.Build.0 = Release|Win32
		{C5E4FEC4-7281-45A6-9B67-7C48816A62A0}.Release|Win32.ActiveCfg = Release|Win32
		{C5E4FEC4-7281-45A6-9B67-7C48816A62A0}.Release|Win32.Build.0 = Release|Win32
		{C5E4FEC4-7281-45A6-9B67-7C48816A62A0}.Release|x64.ActiveCfg = Release|x64
		{C5E4FEC4-7281-45A6-9B67-7C48816A62A0}.Release|x64.Build.0 = Release|x64
		{73A09D1E-B60E-4B72-A6A9-23784262357F}.Debug|Mixed Platforms.ActiveCfg = Debug|Win32
		{73A09D1E-B60E-4B72-A6A9-23784262357F}.Debug|Mixed Platforms.Build.0 = Debug|Win32
		{73A09D1E-B60E-4B72-A6A9-23784262357F}.Debug|Win32.ActiveCfg = Debug|Win32
		{73A09D1E-B60E-4B72-A6A9-23784262357F}.Debug|Win32.Build.0 = Debug|Win32
		{73A09D1E-B60E-4B72-A6A9-23784262357F}.Debug|x64.ActiveCfg = Debug|x64
		{73A09D1E-B60E-4B72-A6A9-23784262357F}.Debug|x64.Build.0 = Debug|x64
		{73A09D1E-B60E-4B72-A6A9-23784262357F}.Release|Mixed Platforms.ActiveCfg = Release|Win32
		{73A09D1E-B60E-4B72-A6A9-23784262357F}.Release|Mixed Platforms.Build.0 = Release|Win32
		{73A09D1E-B60E-4B72-A6A9-23784262357F}.Release|Win32.ActiveCfg = Release|Win32
		{73A09D1E-B60E-4B72-A6A9-23784262357F}.Release|Win32.Build.0 = Release|Win32
		{73A09D1E-B60E-4B72-A6A9-23784262357F}.Release|x64.ActiveCfg = Release|x64
		{73A09D1E-B60E-4B72-A6A9-23784262357F}.Release|x64.Build.0 = Release|x64
		{34D06064-FFDF-4249-A2CE-553177FE703B}.Debug|Mixed Platforms.ActiveCfg = Debug|Win32
		{34D06064-FFDF-4249-A2CE-553177FE703B}.Debug|Mixed Platforms.Build.0 = Debug|Win32
		{34D06064-FFDF-4249-A2CE-553177FE703B}.Debug|Win32.ActiveCfg = Debug|Win32
		{34D06064-FFDF-4249-A2CE-553177FE703B}.Debug|Win32.Build.0 = Debug|Win32
		{34D06064-FFDF-4249-A2CE-553177FE703B}.Debug|x64.ActiveCfg = Debug|x64
		{34D06064-FFDF-4249-A2CE-553177FE703B}.Debug|x64.Build.0 = Debug|x64
		{34D06064-FFDF-4249-A2CE-553177FE703B}.Release|Mixed Platforms.ActiveCfg = Release|Win32
		{34D06064-FFDF-4249-A2CE-553177FE703B}.Release|Mixed Platforms.Build.0 = Release|Win32
		{34D06064-FFDF-4249-A2CE-553177FE703B}.Release|Win32.ActiveCfg = Release|Win32
		{34D06064-FFDF-4249-A2CE-553177FE703B}.Release|Win32.Build.0 = Release|Win32
		{34D06064-FFDF-4249-A2CE-553177FE703B}.Release|x64.ActiveCfg = Release|x64
		{34D06064-FFDF-4249-A2CE-553177FE703B}.Release|x64.Build.0 = Release|x64
		{2532BECB-F97B-4207-9A07-03A1BE54F7AB}.Debug|Mixed Platforms.ActiveCfg = Debug|Win32
		{2532BECB-F97B-4207-9A07-03A1BE54F7AB}.Debug|Mixed Platforms.Build.0 = Debug|Win32
		{2532BECB-F97B-4207-9A07-03A1BE54F7AB}.Debug|Win32.ActiveCfg = Debug|Win32
		{2532BECB-F97B-4207-9A07-03A1BE54F7AB}.Debug|Win32.Build.0 = Debug|Win32
		{2532BECB-F97B-4207-9A07-03A1BE54F7AB}.Debug|x64.ActiveCfg = Debug|x64
		{2532BECB-F97B-4207-9A07-03A1BE54F7AB}.Debug|x64.Build.0 = Debug|x64
		{2532BECB-F97B-4207-9A07-03A1BE54F7AB}.Release|Mixed Platforms.ActiveCfg = Release|Win32
		{2532BECB-F97B-4207-9A07-03A1BE54F7AB}.Release|Mixed Platforms.Build.0 = Release|Win32
		{2532BECB-F97B-4207-9A07-03A1BE54F7AB}.Release|Win32.ActiveCfg = Release|Win32
		{2532BECB-F97B-4207-9A07-03A1BE54F7AB}.Release|Win32.Build.0 = Release|Win32
		{2532BECB-F97B-4207-9A07-03A1BE54F7AB}.Release|x64.ActiveCfg = Release|x64
		{2532BECB-F97B-4207-9A07-03A1BE54F7AB}.Release|x64.Build.0 = Release|x64
		{FB610BB2-3EAA-49DA-898C-13E52401421C}.Debug|Mixed Platforms.ActiveCfg = Debug|Win32
		{FB610BB2-3EAA-49DA-898C-13E52401421C}.Debug|Mixed Platforms.Build.0 = Debug|Win32
		{FB610BB2-3EAA-49DA-898C-13E52401421C}.Debug|Win32.ActiveCfg = Debug|Win32
		{FB610BB2-3EAA-49DA-898C-13E52401421C}.Debug|Win32.Build.0 = Debug|Win32
		{FB610BB2-3EAA-49DA-898C-13E52401421C}.Debug|x64.ActiveCfg = Debug|x64
		{FB610BB2-3EAA-49DA-898C-13E52401421C}.Release|Mixed Platforms.ActiveCfg = Release|Win32
		{FB610BB2-3EAA-49DA-898C-13E52401421C}.Release|Mixed Platforms.Build.0 = Release|Win32
		{FB610BB2-3EAA-49DA-898C-13E52401421C}.Release|Win32.ActiveCfg = Release|Win32
		{FB610BB2-3EAA-49DA-898C-13E52401421C}.Release|Win32.Build.0 = Release|Win32
		{FB610BB2-3EAA-49DA-898C-13E52401421C}.Release|x64.ActiveCfg = Release|Win32
		{EF26ACBA-2A2F-413E-A716-AE037972B401}.Debug|Mixed Platforms.ActiveCfg = Debug|Win32
		{EF26ACBA-2A2F-413E-A716-AE037972B401}.Debug|Mixed Platforms.Build.0 = Debug|Win32
		{EF26ACBA-2A2F-413E-A716-AE037972B401}.Debug|Win32.ActiveCfg = Debug|Win32
		{EF26ACBA-2A2F-413E-A716-AE037972B401}.Debug|Win32.Build.0 = Debug|Win32
		{EF26ACBA-2A2F-413E-A716-AE037972B401}.Debug|x64.ActiveCfg = Debug|x64
		{EF26ACBA-2A2F-413E-A716-AE037972B401}.Release|Mixed Platforms.ActiveCfg = Release|Win32
		{EF26ACBA-2A2F-413E-A716-AE037972B401}.Release|Mixed Platforms.Build.0 = Release|Win32
		{EF26ACBA-2A2F-413E-A716-AE037972B401}.Release|Win32.ActiveCfg = Release|Win32
		{EF26ACBA-2A2F-413E-A716-AE037972B401}.Release|Win32.Build.0 = Release|Win32
		{EF26ACBA-2A2F-413E-A716-AE037972B401}.Release|x64.ActiveCfg = Release|Win32
		{171A0AC5-A131-40B9-AD8A-0CDEC474ECB6}.Debug|Mixed Platforms.ActiveCfg = Debug|Win32
		{171A0AC5-A131-40B9-AD8A-0CDEC474ECB6}.Debug|Mixed Platforms.Build.0 = Debug|Win32
		{171A0AC5-A131-40B9-AD8A-0CDEC474ECB6}.Debug|Win32.ActiveCfg = Debug|Win32
		{171A0AC5-A131-40B9-AD8A-0CDEC474ECB6}.Debug|Win32.Build.0 = Debug|Win32
		{171A0AC5-A131-40B9-AD8A-0CDEC474ECB6}.Debug|x64.ActiveCfg = Debug|x64
		{171A0AC5-A131-40B9-AD8A-0CDEC474ECB6}.Debug|x64.Build.0 = Debug|x64
		{171A0AC5-A131-40B9-AD8A-0CDEC474ECB6}.Release|Mixed Platforms.ActiveCfg = Release|Win32
		{171A0AC5-A131-40B9-AD8A-0CDEC474ECB6}.Release|Mixed Platforms.Build.0 = Release|Win32
		{171A0AC5-A131-40B9-AD8A-0CDEC474ECB6}.Release|Win32.ActiveCfg = Release|Win32
		{171A0AC5-A131-40B9-AD8A-0CDEC474ECB6}.Release|Win32.Build.0 = Release|Win32
		{171A0AC5-A131-40B9-AD8A-0CDEC474ECB6}.Release|x64.ActiveCfg = Release|x64
		{171A0AC5-A131-40B9-AD8A-0CDEC474ECB6}.Release|x64.Build.0 = Release|x64
		{230812CD-22D0-4354-9D22-628A935DD021}.Debug|Mixed Platforms.ActiveCfg = Debug|Win32
		{230812CD-22D0-4354-9D22-628A935DD021}.Debug|Mixed Platforms.Build.0 = Debug|Win32
		{230812CD-22D0-4354-9D22-628A935DD021}.Debug|Win32.ActiveCfg = Debug|Win32
		{230812CD-22D0-4354-9D22-628A935DD021}.Debug|Win32.Build.0 = Debug|Win32
		{230812CD-22D0-4354-9D22-628A935DD021}.Debug|x64.ActiveCfg = Debug|x64
		{230812CD-22D0-4354-9D22-628A935DD021}.Debug|x64.Build.0 = Debug|x64
		{230812CD-22D0-4354-9D22-628A935DD021}.Release|Mixed Platforms.ActiveCfg = Release|Win32
		{230812CD-22D0-4354-9D22-628A935DD021}.Release|Mixed Platforms.Build.0 = Release|Win32
		{230812CD-22D0-4354-9D22-628A935DD021}.Release|Win32.ActiveCfg = Release|Win32
		{230812CD-22D0-4354-9D22-628A935DD021}.Release|Win32.Build.0 = Release|Win32
		{230812CD-22D0-4354-9D22-628A935DD021}.Release|x64.ActiveCfg = Release|x64
		{230812CD-22D0-4354-9D22-628A935DD021}.Release|x64.Build.0 = Release|x64
		{0F6D9550-E439-4039-9A5F-8529269284DF}.Debug|Mixed Platforms.ActiveCfg = Debug|Win32
		{0F6D9550-E439-4039-9A5F-8529269284DF}.Debug|Mixed Platforms.Build.0 = Debug|Win32
		{0F6D9550-E439-4039-9A5F-8529269284DF}.Debug|Win32.ActiveCfg = Debug|Win32
		{0F6D9550-E439-4039-9A5F-8529269284DF}.Debug|Win32.Build.0 = Debug|Win32
		{0F6D9550-E439-4039-9A5F-8529269284DF}.Debug|x64.ActiveCfg = Debug|x64
		{0F6D9550-E439-4039-9A5F-8529269284DF}.Debug|x64.Build.0 = Debug|x64
		{0F6D9550-E439-4039-9A5F-8529269284DF}.Release|Mixed Platforms.ActiveCfg = Release|Win32
		{0F6D9550-E439-4039-9A5F-8529269284DF}.Release|Mixed Platforms.Build.0 = Release|Win32
		{0F6D9550-E439-4039-9A5F-8529269284DF}.Release|Win32.ActiveCfg = Release|Win32
		{0F6D9550-E439-4039-9A5F-8529269284DF}.Release|Win32.Build.0 = Release|Win32
		{0F6D9550-E439-4039-9A5F-8529269284DF}.Release|x64.ActiveCfg = Release|x64
		{0F6D9550-E439-4039-9A5F-8529269284DF}.Release|x64.Build.0 = Release|x64
		{40011886-7FEE-43FD-B0FE-3AE6D954D943}.Debug|Mixed Platforms.ActiveCfg = Debug|Win32
		{40011886-7FEE-43FD-B0FE-3AE6D954D943}.Debug|Mixed Platforms.Build.0 = Debug|Win32
		{40011886-7FEE-43FD-B0FE-3AE6D954D943}.Debug|Win32.ActiveCfg = Debug|Win32
		{40011886-7FEE-43FD-B0FE-3AE6D954D943}.Debug|Win32.Build.0 = Debug|Win32
		{40011886-7FEE-43FD-B0FE-3AE6D954D943}.Debug|x64.ActiveCfg = Debug|x64
		{40011886-7FEE-43FD-B0FE-3AE6D954D943}.Release|Mixed Platforms.ActiveCfg = Release|Win32
		{40011886-7FEE-43FD-B0FE-3AE6D954D943}.Release|Mixed Platforms.Build.0 = Release|Win32
		{40011886-7FEE-43FD-B0FE-3AE6D954D943}.Release|Win32.ActiveCfg = Release|Win32
		{40011886-7FEE-43FD-B0FE-3AE6D954D943}.Release|Win32.Build.0 = Release|Win32
		{40011886-7FEE-43FD-B0FE-3AE6D954D943}.Release|x64.ActiveCfg = Release|Win32
	EndGlobalSection
	GlobalSection(SolutionProperties) = preSolution
		HideSolutionNode = FALSE
	EndGlobalSection
	GlobalSection(ExtensibilityGlobals) = postSolution
		Qt5Version = $(DefaultQtVersion)
	EndGlobalSection
EndGlobal
