<?xml version="1.0" encoding="utf-8"?>
<Project ToolsVersion="4.0" xmlns="http://schemas.microsoft.com/developer/msbuild/2003">
  <ItemGroup>
    <Filter Include="源文件">
      <UniqueIdentifier>{4FC737F1-C7A5-4376-A066-2A32D752A2FF}</UniqueIdentifier>
      <Extensions>cpp;c;cc;cxx;def;odl;idl;hpj;bat;asm;asmx</Extensions>
    </Filter>
    <Filter Include="头文件">
      <UniqueIdentifier>{93995380-89BD-4b04-88EB-625FBE52EBFB}</UniqueIdentifier>
      <Extensions>h;hh;hpp;hxx;hm;inl;inc;xsd</Extensions>
    </Filter>
    <Filter Include="资源文件">
      <UniqueIdentifier>{67DA6AB6-F800-4c08-8B7A-83BB121AAD01}</UniqueIdentifier>
      <Extensions>rc;ico;cur;bmp;dlg;rc2;rct;bin;rgs;gif;jpg;jpeg;jpe;resx;tiff;tif;png;wav;mfcribbon-ms</Extensions>
    </Filter>
    <Filter Include="头文件\Business">
      <UniqueIdentifier>{c487b6f5-d3ae-4181-b62c-6768899babc0}</UniqueIdentifier>
    </Filter>
    <Filter Include="头文件\Database">
      <UniqueIdentifier>{bef59c47-8740-4a8d-bfbc-210d33a07eac}</UniqueIdentifier>
    </Filter>
    <Filter Include="头文件\Exception">
      <UniqueIdentifier>{6f138ca6-21cb-4f93-a704-5e827ef821fe}</UniqueIdentifier>
    </Filter>
    <Filter Include="源文件\Business">
      <UniqueIdentifier>{e9fcfc93-1abf-43fe-8913-896cce06dc82}</UniqueIdentifier>
    </Filter>
    <Filter Include="源文件\Database">
      <UniqueIdentifier>{f5373021-6d5b-4216-8b81-5ea940709eb1}</UniqueIdentifier>
    </Filter>
    <Filter Include="源文件\Exception">
      <UniqueIdentifier>{d5eb8bb9-5062-45c7-92a6-c4d1ee5b329e}</UniqueIdentifier>
    </Filter>
  </ItemGroup>
  <ItemGroup>
    <Text Include="ReadMe.txt" />
  </ItemGroup>
  <ItemGroup>
    <ClInclude Include="stdafx.h">
      <Filter>头文件</Filter>
    </ClInclude>
    <ClInclude Include="targetver.h">
      <Filter>头文件</Filter>
    </ClInclude>
    <ClInclude Include="Business\Download.h">
      <Filter>头文件\Business</Filter>
    </ClInclude>
    <ClInclude Include="Business\Upload.h">
      <Filter>头文件\Business</Filter>
    </ClInclude>
    <ClInclude Include="Database\Block.h">
      <Filter>头文件\Database</Filter>
    </ClInclude>
    <ClInclude Include="Database\Database.h">
      <Filter>头文件\Database</Filter>
    </ClInclude>
    <ClInclude Include="Database\Storage.h">
      <Filter>头文件\Database</Filter>
    </ClInclude>
    <ClInclude Include="Exception\HttpRequestException.h">
      <Filter>头文件\Exception</Filter>
    </ClInclude>
    <ClInclude Include="Common.h">
      <Filter>头文件</Filter>
    </ClInclude>
    <ClInclude Include="RouteCallBackSet.h">
      <Filter>头文件</Filter>
    </ClInclude>
    <ClInclude Include="SystemConfig.h">
      <Filter>头文件</Filter>
    </ClInclude>
  </ItemGroup>
  <ItemGroup>
    <ClCompile Include="stdafx.cpp">
      <Filter>源文件</Filter>
    </ClCompile>
    <ClCompile Include="ServiceVersionControll.cpp">
      <Filter>源文件</Filter>
    </ClCompile>
    <ClCompile Include="dllmain.cpp">
      <Filter>源文件</Filter>
    </ClCompile>
    <ClCompile Include="Business\Download.cpp">
      <Filter>源文件\Business</Filter>
    </ClCompile>
    <ClCompile Include="Business\Upload.cpp">
      <Filter>源文件\Business</Filter>
    </ClCompile>
    <ClCompile Include="Database\Block.cpp">
      <Filter>源文件\Database</Filter>
    </ClCompile>
    <ClCompile Include="Database\Database.cpp">
      <Filter>源文件\Database</Filter>
    </ClCompile>
    <ClCompile Include="Database\Storage.cpp">
      <Filter>源文件\Database</Filter>
    </ClCompile>
    <ClCompile Include="Exception\HttpRequestException.cpp">
      <Filter>源文件\Exception</Filter>
    </ClCompile>
    <ClCompile Include="Common.cpp">
      <Filter>源文件</Filter>
    </ClCompile>
    <ClCompile Include="RouteCallBackSet.cpp">
      <Filter>源文件</Filter>
    </ClCompile>
    <ClCompile Include="SystemConfig.cpp">
      <Filter>源文件</Filter>
    </ClCompile>
  </ItemGroup>
  <ItemGroup>
    <None Include="ServiceVersionControll.def">
      <Filter>源文件</Filter>
    </None>
  </ItemGroup>
</Project>